<?xml version="1.0" encoding="UTF-8" standalone="yes" ?>
<CodeBlocks_project_file>
	<FileVersion major="1" minor="6" />
	<Project>
		<Option title="adventure-1.0.0" />
		<Option pch_mode="2" />
		<Option compiler="gcc" />
		<Build>
			<Target title="Debug">
				<Option output="bin/Debug/adventure-1" prefix_auto="1" extension_auto="1" />
				<Option object_output="obj/Debug/" />
				<Option type="1" />
				<Option compiler="gcc" />
				<Compiler>
					<Add option="-g" />
				</Compiler>
			</Target>
			<Target title="Release">
				<Option output="bin/Release/adventure-1" prefix_auto="1" extension_auto="1" />
				<Option object_output="obj/Release/" />
				<Option type="1" />
				<Option compiler="gcc" />
				<Compiler>
					<Add option="-O2" />
				</Compiler>
				<Linker>
					<Add option="-s" />
				</Linker>
			</Target>
		</Build>
		<Compiler>
			<Add option="-Wall" />
		</Compiler>
		<Unit filename="actions.cpp" />
		<Unit filename="actions.h" />
		<Unit filename="areas.cpp" />
		<Unit filename="areas.h" />
		<Unit filename="assets.cpp" />
		<Unit filename="engine.cpp">
			<Option compilerVar="CC" />
		</Unit>
		<Unit filename="file-io.cpp" />
		<Unit filename="game.cpp" />
		<Unit filename="geometry.cpp" />
		<Unit filename="geometry.h" />
		<Unit filename="input-manager.cpp" />
		<Unit filename="interface.cpp" />
		<Unit filename="interface.h" />
		<Unit filename="menu.cpp" />
		<Unit filename="objects.cpp" />
		<Unit filename="objects.h" />
		<Unit filename="options.cpp" />
		<Extensions>
			<code_completion />
			<envvars />
			<debugger />
			<lib_finder disable_auto="1" />
		</Extensions>
	</Project>
</CodeBlocks_project_file>
